
Microsoft Visual Studio Solution File, Format Version 12.00
# Visual Studio Version 17
VisualStudioVersion = 17.11.35222.181
MinimumVisualStudioVersion = 10.0.40219.1
Project("{FAE04EC0-301F-11D3-BF4B-00C04F79EFBC}") = "Osmuim.GUI", "Osmuim.GUI\Osmuim.GUI.csproj", "{274D66EE-1CB6-4ACB-BFAC-7013028B9F2A}"
EndProject
Global
	GlobalSection(SolutionConfigurationPlatforms) = preSolution
		Debug|Any CPU = Debug|Any CPU
		Release|Any CPU = Release|Any CPU
	EndGlobalSection
	GlobalSection(ProjectConfigurationPlatforms) = postSolution
		{274D66EE-1CB6-4ACB-BFAC-7013028B9F2A}.Debug|Any CPU.ActiveCfg = Debug|Any CPU
		{274D66EE-1CB6-4ACB-BFAC-7013028B9F2A}.Debug|Any CPU.Build.0 = Debug|Any CPU
		{274D66EE-1CB6-4ACB-BFAC-7013028B9F2A}.Release|Any CPU.ActiveCfg = Release|Any CPU
		{274D66EE-1CB6-4ACB-BFAC-7013028B9F2A}.Release|Any CPU.Build.0 = Release|Any CPU
	EndGlobalSection
	GlobalSection(SolutionProperties) = preSolution
		HideSolutionNode = FALSE
	EndGlobalSection
	GlobalSection(ExtensibilityGlobals) = postSolution
		SolutionGuid = {F7B18A94-BBC7-433F-8659-9144ECF73271}
	EndGlobalSection
EndGlobal
